// !$*UTF8*$!
{
	archiveVersion = 1;
	classes = {
	};
	objectVersion = 46;
	objects = {

/* Begin PBXBuildFile section */
		866D33441D0A53D30035C38E /* AppDelegate.swift in Sources */ = {isa = PBXBuildFile; fileRef = 866D33431D0A53D30035C38E /* AppDelegate.swift */; };
		866D33461D0A53D30035C38E /* ViewController.swift in Sources */ = {isa = PBXBuildFile; fileRef = 866D33451D0A53D30035C38E /* ViewController.swift */; };
		866D33491D0A53D30035C38E /* Main.storyboard in Resources */ = {isa = PBXBuildFile; fileRef = 866D33471D0A53D30035C38E /* Main.storyboard */; };
		866D334B1D0A53D30035C38E /* Assets.xcassets in Resources */ = {isa = PBXBuildFile; fileRef = 866D334A1D0A53D30035C38E /* Assets.xcassets */; };
		866D334E1D0A53D30035C38E /* LaunchScreen.storyboard in Resources */ = {isa = PBXBuildFile; fileRef = 866D334C1D0A53D30035C38E /* LaunchScreen.storyboard */; };
/* End PBXBuildFile section */

/* Begin PBXFileReference section */
		866D33401D0A53D30035C38E /* getDemoTH.app */ = {isa = PBXFileReference; explicitFileType = wrapper.application; includeInIndex = 0; path = getDemoTH.app; sourceTree = BUILT_PRODUCTS_DIR; };
		866D33431D0A53D30035C38E /* AppDelegate.swift */ = {isa = PBXFileReference; lastKnownFileType = sourcecode.swift; path = AppDelegate.swift; sourceTree = "<group>"; };
		866D33451D0A53D30035C38E /* ViewController.swift */ = {isa = PBXFileReference; lastKnownFileType = sourcecode.swift; path = ViewController.swift; sourceTree = "<group>"; };
		866D33481D0A53D30035C38E /* Base */ = {isa = PBXFileReference; lastKnownFileType = file.storyboard; name = Base; path = Base.lproj/Main.storyboard; sourceTree = "<group>"; };
		866D334A1D0A53D30035C38E /* Assets.xcassets */ = {isa = PBXFileReference; lastKnownFileType = folder.assetcatalog; path = Assets.xcassets; sourceTree = "<group>"; };
		866D334D1D0A53D30035C38E /* Base */ = {isa = PBXFileReference; lastKnownFileType = file.storyboard; name = Base; path = Base.lproj/LaunchScreen.storyboard; sourceTree = "<group>"; };
		866D334F1D0A53D30035C38E /* Info.plist */ = {isa = PBXFileReference; lastKnownFileType = text.plist.xml; path = Info.plist; sourceTree = "<group>"; };
/* End PBXFileReference section */

/* Begin PBXFrameworksBuildPhase section */
		866D333D1D0A53D30035C38E /* Frameworks */ = {
			isa = PBXFrameworksBuildPhase;
			buildActionMask = 2147483647;
			files = (
			);
			runOnlyForDeploymentPostprocessing = 0;
		};
/* End PBXFrameworksBuildPhase section */

/* Begin PBXGroup section */
		866D33371D0A53D30035C38E = {
			isa = PBXGroup;
			children = (
				866D33421D0A53D30035C38E /* getDemoTH */,
				866D33411D0A53D30035C38E /* Products */,
			);
			sourceTree = "<group>";
		};
		866D33411D0A53D30035C38E /* Products */ = {
			isa = PBXGroup;
			children = (
				866D33401D0A53D30035C38E /* getDemoTH.app */,
			);
			name = Products;
			sourceTree = "<group>";
		};
		866D33421D0A53D30035C38E /* getDemoTH */ = {
			isa = PBXGroup;
			children = (
				866D33431D0A53D30035C38E /* AppDelegate.swift */,
				866D33451D0A53D30035C38E /* ViewController.swift */,
				866D33471D0A53D30035C38E /* Main.storyboard */,
				866D334A1D0A53D30035C38E /* Assets.xcassets */,
				866D334C1D0A53D30035C38E /* LaunchScreen.storyboard */,
				866D334F1D0A53D30035C38E /* Info.plist */,
			);
			path = getDemoTH;
			sourceTree = "<group>";
		};
/* End PBXGroup section */

/* Begin PBXNativeTarget section */
		866D333F1D0A53D30035C38E /* getDemoTH */ = {
			isa = PBXNativeTarget;
			buildConfigurationList = 866D33521D0A53D30035C38E /* Build configuration list for PBXNativeTarget "getDemoTH" */;
			buildPhases = (
				866D333C1D0A53D30035C38E /* Sources */,
				866D333D1D0A53D30035C38E /* Frameworks */,
				866D333E1D0A53D30035C38E /* Resources */,
			);
			buildRules = (
			);
			dependencies = (
			);
			name = getDemoTH;
			productName = getDemoTH;
			productReference = 866D33401D0A53D30035C38E /* getDemoTH.app */;
			productType = "com.apple.product-type.application";
		};
/* End PBXNativeTarget section */

/* Begin PBXProject section */
		866D33381D0A53D30035C38E /* Project object */ = {
			isa = PBXProject;
			attributes = {
				LastSwiftUpdateCheck = 0730;
				LastUpgradeCheck = 0730;
				ORGANIZATIONNAME = "Emmanuel  Martinez";
				TargetAttributes = {
					866D333F1D0A53D30035C38E = {
						CreatedOnToolsVersion = 7.3;
					};
				};
			};
			buildConfigurationList = 866D333B1D0A53D30035C38E /* Build configuration list for PBXProject "getDemoTH" */;
			compatibilityVersion = "Xcode 3.2";
			developmentRegion = English;
			hasScannedForEncodings = 0;
			knownRegions = (
				en,
				Base,
			);
			mainGroup = 866D33371D0A53D30035C38E;
			productRefGroup = 866D33411D0A53D30035C38E /* Products */;
			projectDirPath = "";
			projectRoot = "";
			targets = (
				866D333F1D0A53D30035C38E /* getDemoTH */,
			);
		};
/* End PBXProject section */

/* Begin PBXResourcesBuildPhase section */
		866D333E1D0A53D30035C38E /* Resources */ = {
			isa = PBXResourcesBuildPhase;
			buildActionMask = 2147483647;
			files = (
				866D334E1D0A53D30035C38E /* LaunchScreen.storyboard in Resources */,
				866D334B1D0A53D30035C38E /* Assets.xcassets in Resources */,
				866D33491D0A53D30035C38E /* Main.storyboard in Resources */,
			);
			runOnlyForDeploymentPostprocessing = 0;
		};
/* End PBXResourcesBuildPhase section */

/* Begin PBXSourcesBuildPhase section */
		866D333C1D0A53D30035C38E /* Sources */ = {
			isa = PBXSourcesBuildPhase;
			buildActionMask = 2147483647;
			files = (
				866D33461D0A53D30035C38E /* ViewController.swift in Sources */,
				866D33441D0A53D30035C38E /* AppDelegate.swift in Sources */,
			);
			runOnlyForDeploymentPostprocessing = 0;
		};
/* End PBXSourcesBuildPhase section */

/* Begin PBXVariantGroup section */
		866D33471D0A53D30035C38E /* Main.storyboard */ = {
			isa = PBXVariantGroup;
			children = (
				866D33481D0A53D30035C38E /* Base */,
			);
			name = Main.storyboard;
			sourceTree = "<group>";
		};
		866D334C1D0A53D30035C38E /* LaunchScreen.storyboard */ = {
			isa = PBXVariantGroup;
			children = (
				866D334D1D0A53D30035C38E /* Base */,
			);
			name = LaunchScreen.storyboard;
			sourceTree = "<group>";
		};
/* End PBXVariantGroup section */

/* Begin XCBuildConfiguration section */
		866D33501D0A53D30035C38E /* Debug */ = {
			isa = XCBuildConfiguration;
			buildSettings = {
				ALWAYS_SEARCH_USER_PATHS = NO;
				CLANG_ANALYZER_NONNULL = YES;
				CLANG_CXX_LANGUAGE_STANDARD = "gnu++0x";
				CLANG_CXX_LIBRARY = "libc++";
				CLANG_ENABLE_MODULES = YES;
				CLANG_ENABLE_OBJC_ARC = YES;
				CLANG_WARN_BOOL_CONVERSION = YES;
				CLANG_WARN_CONSTANT_CONVERSION = YES;
				CLANG_WARN_DIRECT_OBJC_ISA_USAGE = YES_ERROR;
				CLANG_WARN_EMPTY_BODY = YES;
				CLANG_WARN_ENUM_CONVERSION = YES;
				CLANG_WARN_INT_CONVERSION = YES;
				CLANG_WARN_OBJC_ROOT_CLASS = YES_ERROR;
				CLANG_WARN_UNREACHABLE_CODE = YES;
				CLANG_WARN__DUPLICATE_METHOD_MATCH = YES;
				"CODE_SIGN_IDENTITY[sdk=iphoneos*]" = "iPhone Developer";
				COPY_PHASE_STRIP = NO;
				DEBUG_INFORMATION_FORMAT = dwarf;
				ENABLE_STRICT_OBJC_MSGSEND = YES;
				ENABLE_TESTABILITY = YES;
				GCC_C_LANGUAGE_STANDARD = gnu99;
				GCC_DYNAMIC_NO_PIC = NO;
				GCC_NO_COMMON_BLOCKS = YES;
				GCC_OPTIMIZATION_LEVEL = 0;
				GCC_PREPROCESSOR_DEFINITIONS = (
					"DEBUG=1",
					"$(inherited)",
				);
				GCC_WARN_64_TO_32_BIT_CONVERSION = YES;
				GCC_WARN_ABOUT_RETURN_TYPE = YES_ERROR;
				GCC_WARN_UNDECLARED_SELECTOR = YES;
				GCC_WARN_UNINITIALIZED_AUTOS = YES_AGGRESSIVE;
				GCC_WARN_UNUSED_FUNCTION = YES;
				GCC_WARN_UNUSED_VARIABLE = YES;
				IPHONEOS_DEPLOYMENT_TARGET = 9.3;
				MTL_ENABLE_DEBUG_INFO = YES;
				ONLY_ACTIVE_ARCH = YES;
				SDKROOT = iphoneos;
				SWIFT_OPTIMIZATION_LEVEL = "-Onone";
			};
			name = Debug;
		};
		866D33511D0A53D30035C38E /* Release */ = {
			isa = XCBuildConfiguration;
			buildSettings = {
				ALWAYS_SEARCH_USER_PATHS = NO;
				CLANG_ANALYZER_NONNULL = YES;
				CLANG_CXX_LANGUAGE_STANDARD = "gnu++0x";
				CLANG_CXX_LIBRARY = "libc++";
				CLANG_ENABLE_MODULES = YES;
				CLANG_ENABLE_OBJC_ARC = YES;
				CLANG_WARN_BOOL_CONVERSION = YES;
				CLANG_WARN_CONSTANT_CONVERSION = YES;
				CLANG_WARN_DIRECT_OBJC_ISA_USAGE = YES_ERROR;
				CLANG_WARN_EMPTY_BODY = YES;
				CLANG_WARN_ENUM_CONVERSION = YES;
				CLANG_WARN_INT_CONVERSION = YES;
				CLANG_WARN_OBJC_ROOT_CLASS = YES_ERROR;
				CLANG_WARN_UNREACHABLE_CODE = YES;
				CLANG_WARN__DUPLICATE_METHOD_MATCH = YES;
				"CODE_SIGN_IDENTITY[sdk=iphoneos*]" = "iPhone Developer";
				COPY_PHASE_STRIP = NO;
				DEBUG_INFORMATION_FORMAT = "dwarf-with-dsym";
				ENABLE_NS_ASSERTIONS = NO;
				ENABLE_STRICT_OBJC_MSGSEND = YES;
				GCC_C_LANGUAGE_STANDARD = gnu99;
				GCC_NO_COMMON_BLOCKS = YES;
				GCC_WARN_64_TO_32_BIT_CONVERSION = YES;
				GCC_WARN_ABOUT_RETURN_TYPE = YES_ERROR;
				GCC_WARN_UNDECLARED_SELECTOR = YES;
				GCC_WARN_UNINITIALIZED_AUTOS = YES_AGGRESSIVE;
				GCC_WARN_UNUSED_FUNCTION = YES;
				GCC_WARN_UNUSED_VARIABLE = YES;
				IPHONEOS_DEPLOYMENT_TARGET = 9.3;
				MTL_ENABLE_DEBUG_INFO = NO;
				SDKROOT = iphoneos;
				VALIDATE_PRODUCT = YES;
			};
			name = Release;
		};
		866D33531D0A53D30035C38E /* Debug */ = {
			isa = XCBuildConfiguration;
			buildSettings = {
				ASSETCATALOG_COMPILER_APPICON_NAME = AppIcon;
				INFOPLIST_FILE = getDemoTH/Info.plist;
				LD_RUNPATH_SEARCH_PATHS = "$(inherited) @executable_path/Frameworks";
				PRODUCT_BUNDLE_IDENTIFIER = com.caveman.getDemoTH;
				PRODUCT_NAME = "$(TARGET_NAME)";
			};
			name = Debug;
		};
		866D33541D0A53D30035C38E /* Release */ = {
			isa = XCBuildConfiguration;
			buildSettings = {
				ASSETCATALOG_COMPILER_APPICON_NAME = AppIcon;
				INFOPLIST_FILE = getDemoTH/Info.plist;
				LD_RUNPATH_SEARCH_PATHS = "$(inherited) @executable_path/Frameworks";
				PRODUCT_BUNDLE_IDENTIFIER = com.caveman.getDemoTH;
				PRODUCT_NAME = "$(TARGET_NAME)";
			};
			name = Release;
		};
/* End XCBuildConfiguration section */

/* Begin XCConfigurationList section */
		866D333B1D0A53D30035C38E /* Build configuration list for PBXProject "getDemoTH" */ = {
			isa = XCConfigurationList;
			buildConfigurations = (
				866D33501D0A53D30035C38E /* Debug */,
				866D33511D0A53D30035C38E /* Release */,
			);
			defaultConfigurationIsVisible = 0;
			defaultConfigurationName = Release;
		};
		866D33521D0A53D30035C38E /* Build configuration list for PBXNativeTarget "getDemoTH" */ = {
			isa = XCConfigurationList;
			buildConfigurations = (
				866D33531D0A53D30035C38E /* Debug */,
				866D33541D0A53D30035C38E /* Release */,
			);
			defaultConfigurationIsVisible = 0;
		};
/* End XCConfigurationList section */
	};
	rootObject = 866D33381D0A53D30035C38E /* Project object */;
}
